
Microsoft Visual Studio Solution File, Format Version 12.00
# Visual Studio 2013
VisualStudioVersion = 12.0.31101.0
MinimumVisualStudioVersion = 10.0.40219.1
Project("{FAE04EC0-301F-11D3-BF4B-00C04F79EFBC}") = "ccMVCTesting", "ccMVCTesting\ccMVCTesting.csproj", "{AB328A0B-A4C2-4491-86C1-25CBCFD7A38E}"
EndProject
Project("{FAE04EC0-301F-11D3-BF4B-00C04F79EFBC}") = "ccMVCTesting.Tests", "ccMVCTesting.Tests\ccMVCTesting.Tests.csproj", "{D11C42F8-154E-4B20-8C0B-6ADDFE68BACA}"
EndProject
Project("{FAE04EC0-301F-11D3-BF4B-00C04F79EFBC}") = "ccMVCTesting.Model", "ccMVCTesting.Model\ccMVCTesting.Model.csproj", "{5BE8FED7-D664-475F-9C35-E3DD981A48C4}"
EndProject
Project("{FAE04EC0-301F-11D3-BF4B-00C04F79EFBC}") = "ccMVCTesting.Repository", "ccMVCTesting.Repository\ccMVCTesting.Repository.csproj", "{29269113-AD93-4F2E-9B88-CA8017FE68F3}"
EndProject
Global
	GlobalSection(SolutionConfigurationPlatforms) = preSolution
		Debug|Any CPU = Debug|Any CPU
		Release|Any CPU = Release|Any CPU
	EndGlobalSection
	GlobalSection(ProjectConfigurationPlatforms) = postSolution
		{AB328A0B-A4C2-4491-86C1-25CBCFD7A38E}.Debug|Any CPU.ActiveCfg = Debug|Any CPU
		{AB328A0B-A4C2-4491-86C1-25CBCFD7A38E}.Debug|Any CPU.Build.0 = Debug|Any CPU
		{AB328A0B-A4C2-4491-86C1-25CBCFD7A38E}.Release|Any CPU.ActiveCfg = Release|Any CPU
		{AB328A0B-A4C2-4491-86C1-25CBCFD7A38E}.Release|Any CPU.Build.0 = Release|Any CPU
		{D11C42F8-154E-4B20-8C0B-6ADDFE68BACA}.Debug|Any CPU.ActiveCfg = Debug|Any CPU
		{D11C42F8-154E-4B20-8C0B-6ADDFE68BACA}.Debug|Any CPU.Build.0 = Debug|Any CPU
		{D11C42F8-154E-4B20-8C0B-6ADDFE68BACA}.Release|Any CPU.ActiveCfg = Release|Any CPU
		{D11C42F8-154E-4B20-8C0B-6ADDFE68BACA}.Release|Any CPU.Build.0 = Release|Any CPU
		{5BE8FED7-D664-475F-9C35-E3DD981A48C4}.Debug|Any CPU.ActiveCfg = Debug|Any CPU
		{5BE8FED7-D664-475F-9C35-E3DD981A48C4}.Debug|Any CPU.Build.0 = Debug|Any CPU
		{5BE8FED7-D664-475F-9C35-E3DD981A48C4}.Release|Any CPU.ActiveCfg = Release|Any CPU
		{5BE8FED7-D664-475F-9C35-E3DD981A48C4}.Release|Any CPU.Build.0 = Release|Any CPU
		{29269113-AD93-4F2E-9B88-CA8017FE68F3}.Debug|Any CPU.ActiveCfg = Debug|Any CPU
		{29269113-AD93-4F2E-9B88-CA8017FE68F3}.Debug|Any CPU.Build.0 = Debug|Any CPU
		{29269113-AD93-4F2E-9B88-CA8017FE68F3}.Release|Any CPU.ActiveCfg = Release|Any CPU
		{29269113-AD93-4F2E-9B88-CA8017FE68F3}.Release|Any CPU.Build.0 = Release|Any CPU
	EndGlobalSection
	GlobalSection(SolutionProperties) = preSolution
		HideSolutionNode = FALSE
	EndGlobalSection
EndGlobal
